
Microsoft Visual Studio Solution File, Format Version 12.00
# Visual Studio Version 17
VisualStudioVersion = 17.9.34723.18
MinimumVisualStudioVersion = 10.0.40219.1
Project("{FAE04EC0-301F-11D3-BF4B-00C04F79EFBC}") = "MagazaOtomasyon", "MagazaOtomasyon\MagazaOtomasyon.csproj", "{EE7596A5-8B8A-4E13-B5DE-8E4B29AD9813}"
EndProject
Global
	GlobalSection(SolutionConfigurationPlatforms) = preSolution
		Debug|Any CPU = Debug|Any CPU
		Release|Any CPU = Release|Any CPU
	EndGlobalSection
	GlobalSection(ProjectConfigurationPlatforms) = postSolution
		{EE7596A5-8B8A-4E13-B5DE-8E4B29AD9813}.Debug|Any CPU.ActiveCfg = Debug|Any CPU
		{EE7596A5-8B8A-4E13-B5DE-8E4B29AD9813}.Debug|Any CPU.Build.0 = Debug|Any CPU
		{EE7596A5-8B8A-4E13-B5DE-8E4B29AD9813}.Release|Any CPU.ActiveCfg = Release|Any CPU
		{EE7596A5-8B8A-4E13-B5DE-8E4B29AD9813}.Release|Any CPU.Build.0 = Release|Any CPU
	EndGlobalSection
	GlobalSection(SolutionProperties) = preSolution
		HideSolutionNode = FALSE
	EndGlobalSection
	GlobalSection(ExtensibilityGlobals) = postSolution
		SolutionGuid = {9F9FBAD0-E786-4A25-857C-9E972474EE08}
	EndGlobalSection
EndGlobal
